// !$*UTF8*$!
{
	archiveVersion = 1;
	classes = {
	};
	objectVersion = 50;
	objects = {

/* Begin PBXBuildFile section */
		1F4E2282238BEC5400284388 /* AppDelegate.m in Sources */ = {isa = PBXBuildFile; fileRef = 1F4E2281238BEC5400284388 /* AppDelegate.m */; };
		1F4E2285238BEC5400284388 /* ViewController.m in Sources */ = {isa = PBXBuildFile; fileRef = 1F4E2284238BEC5400284388 /* ViewController.m */; };
		1F4E2288238BEC5400284388 /* Main.storyboard in Resources */ = {isa = PBXBuildFile; fileRef = 1F4E2286238BEC5400284388 /* Main.storyboard */; };
		1F4E228A238BEC5800284388 /* Assets.xcassets in Resources */ = {isa = PBXBuildFile; fileRef = 1F4E2289238BEC5800284388 /* Assets.xcassets */; };
		1F4E228D238BEC5800284388 /* LaunchScreen.storyboard in Resources */ = {isa = PBXBuildFile; fileRef = 1F4E228B238BEC5800284388 /* LaunchScreen.storyboard */; };
		1F4E2290238BEC5800284388 /* main.m in Sources */ = {isa = PBXBuildFile; fileRef = 1F4E228F238BEC5800284388 /* main.m */; };
		1F4E22A3238BEDB800284388 /* FileUtils.m in Sources */ = {isa = PBXBuildFile; fileRef = 1F4E229F238BEDB800284388 /* FileUtils.m */; };
		1F4E22A4238BEDB800284388 /* MakeDesktopIcon.m in Sources */ = {isa = PBXBuildFile; fileRef = 1F4E22A0238BEDB800284388 /* MakeDesktopIcon.m */; };
		1F4E22A6238BEDD600284388 /* Web in Resources */ = {isa = PBXBuildFile; fileRef = 1F4E22A5238BEDD600284388 /* Web */; };
/* End PBXBuildFile section */

/* Begin PBXFileReference section */
		1F4E227D238BEC5400284388 /* MakeDesktopIconDemo.app */ = {isa = PBXFileReference; explicitFileType = wrapper.application; includeInIndex = 0; path = MakeDesktopIconDemo.app; sourceTree = BUILT_PRODUCTS_DIR; };
		1F4E2280238BEC5400284388 /* AppDelegate.h */ = {isa = PBXFileReference; lastKnownFileType = sourcecode.c.h; path = AppDelegate.h; sourceTree = "<group>"; };
		1F4E2281238BEC5400284388 /* AppDelegate.m */ = {isa = PBXFileReference; lastKnownFileType = sourcecode.c.objc; path = AppDelegate.m; sourceTree = "<group>"; };
		1F4E2283238BEC5400284388 /* ViewController.h */ = {isa = PBXFileReference; lastKnownFileType = sourcecode.c.h; path = ViewController.h; sourceTree = "<group>"; };
		1F4E2284238BEC5400284388 /* ViewController.m */ = {isa = PBXFileReference; lastKnownFileType = sourcecode.c.objc; path = ViewController.m; sourceTree = "<group>"; };
		1F4E2287238BEC5400284388 /* Base */ = {isa = PBXFileReference; lastKnownFileType = file.storyboard; name = Base; path = Base.lproj/Main.storyboard; sourceTree = "<group>"; };
		1F4E2289238BEC5800284388 /* Assets.xcassets */ = {isa = PBXFileReference; lastKnownFileType = folder.assetcatalog; path = Assets.xcassets; sourceTree = "<group>"; };
		1F4E228C238BEC5800284388 /* Base */ = {isa = PBXFileReference; lastKnownFileType = file.storyboard; name = Base; path = Base.lproj/LaunchScreen.storyboard; sourceTree = "<group>"; };
		1F4E228E238BEC5800284388 /* Info.plist */ = {isa = PBXFileReference; lastKnownFileType = text.plist.xml; path = Info.plist; sourceTree = "<group>"; };
		1F4E228F238BEC5800284388 /* main.m */ = {isa = PBXFileReference; lastKnownFileType = sourcecode.c.objc; path = main.m; sourceTree = "<group>"; };
		1F4E229A238BEDB800284388 /* FileUtils.h */ = {isa = PBXFileReference; fileEncoding = 4; lastKnownFileType = sourcecode.c.h; path = FileUtils.h; sourceTree = "<group>"; };
		1F4E229E238BEDB800284388 /* MakeDesktopIcon.h */ = {isa = PBXFileReference; fileEncoding = 4; lastKnownFileType = sourcecode.c.h; path = MakeDesktopIcon.h; sourceTree = "<group>"; };
		1F4E229F238BEDB800284388 /* FileUtils.m */ = {isa = PBXFileReference; fileEncoding = 4; lastKnownFileType = sourcecode.c.objc; path = FileUtils.m; sourceTree = "<group>"; };
		1F4E22A0238BEDB800284388 /* MakeDesktopIcon.m */ = {isa = PBXFileReference; fileEncoding = 4; lastKnownFileType = sourcecode.c.objc; path = MakeDesktopIcon.m; sourceTree = "<group>"; };
		1F4E22A5238BEDD600284388 /* Web */ = {isa = PBXFileReference; lastKnownFileType = folder; path = Web; sourceTree = "<group>"; };
/* End PBXFileReference section */

/* Begin PBXFrameworksBuildPhase section */
		1F4E227A238BEC5400284388 /* Frameworks */ = {
			isa = PBXFrameworksBuildPhase;
			buildActionMask = 2147483647;
			files = (
			);
			runOnlyForDeploymentPostprocessing = 0;
		};
/* End PBXFrameworksBuildPhase section */

/* Begin PBXGroup section */
		1F4E2274238BEC5400284388 = {
			isa = PBXGroup;
			children = (
				1F4E227F238BEC5400284388 /* MakeDesktopIconDemo */,
				1F4E227E238BEC5400284388 /* Products */,
			);
			sourceTree = "<group>";
		};
		1F4E227E238BEC5400284388 /* Products */ = {
			isa = PBXGroup;
			children = (
				1F4E227D238BEC5400284388 /* MakeDesktopIconDemo.app */,
			);
			name = Products;
			sourceTree = "<group>";
		};
		1F4E227F238BEC5400284388 /* MakeDesktopIconDemo */ = {
			isa = PBXGroup;
			children = (
				1F4E2299238BEDB800284388 /* MakeDesktopIcon */,
				1F4E2280238BEC5400284388 /* AppDelegate.h */,
				1F4E2281238BEC5400284388 /* AppDelegate.m */,
				1F4E2283238BEC5400284388 /* ViewController.h */,
				1F4E2284238BEC5400284388 /* ViewController.m */,
				1F4E2286238BEC5400284388 /* Main.storyboard */,
				1F4E2289238BEC5800284388 /* Assets.xcassets */,
				1F4E228B238BEC5800284388 /* LaunchScreen.storyboard */,
				1F4E228E238BEC5800284388 /* Info.plist */,
				1F4E228F238BEC5800284388 /* main.m */,
			);
			path = MakeDesktopIconDemo;
			sourceTree = "<group>";
		};
		1F4E2299238BEDB800284388 /* MakeDesktopIcon */ = {
			isa = PBXGroup;
			children = (
				1F4E22A5238BEDD600284388 /* Web */,
				1F4E229A238BEDB800284388 /* FileUtils.h */,
				1F4E229F238BEDB800284388 /* FileUtils.m */,
				1F4E229E238BEDB800284388 /* MakeDesktopIcon.h */,
				1F4E22A0238BEDB800284388 /* MakeDesktopIcon.m */,
			);
			path = MakeDesktopIcon;
			sourceTree = "<group>";
		};
/* End PBXGroup section */

/* Begin PBXNativeTarget section */
		1F4E227C238BEC5400284388 /* MakeDesktopIconDemo */ = {
			isa = PBXNativeTarget;
			buildConfigurationList = 1F4E2293238BEC5800284388 /* Build configuration list for PBXNativeTarget "MakeDesktopIconDemo" */;
			buildPhases = (
				1F4E2279238BEC5400284388 /* Sources */,
				1F4E227A238BEC5400284388 /* Frameworks */,
				1F4E227B238BEC5400284388 /* Resources */,
			);
			buildRules = (
			);
			dependencies = (
			);
			name = MakeDesktopIconDemo;
			productName = MakeDesktopIcon;
			productReference = 1F4E227D238BEC5400284388 /* MakeDesktopIconDemo.app */;
			productType = "com.apple.product-type.application";
		};
/* End PBXNativeTarget section */

/* Begin PBXProject section */
		1F4E2275238BEC5400284388 /* Project object */ = {
			isa = PBXProject;
			attributes = {
				LastUpgradeCheck = 1030;
				ORGANIZATIONNAME = lovsoft;
				TargetAttributes = {
					1F4E227C238BEC5400284388 = {
						CreatedOnToolsVersion = 10.3;
					};
				};
			};
			buildConfigurationList = 1F4E2278238BEC5400284388 /* Build configuration list for PBXProject "MakeDesktopIconDemo" */;
			compatibilityVersion = "Xcode 9.3";
			developmentRegion = en;
			hasScannedForEncodings = 0;
			knownRegions = (
				en,
				Base,
			);
			mainGroup = 1F4E2274238BEC5400284388;
			productRefGroup = 1F4E227E238BEC5400284388 /* Products */;
			projectDirPath = "";
			projectRoot = "";
			targets = (
				1F4E227C238BEC5400284388 /* MakeDesktopIconDemo */,
			);
		};
/* End PBXProject section */

/* Begin PBXResourcesBuildPhase section */
		1F4E227B238BEC5400284388 /* Resources */ = {
			isa = PBXResourcesBuildPhase;
			buildActionMask = 2147483647;
			files = (
				1F4E228D238BEC5800284388 /* LaunchScreen.storyboard in Resources */,
				1F4E22A6238BEDD600284388 /* Web in Resources */,
				1F4E228A238BEC5800284388 /* Assets.xcassets in Resources */,
				1F4E2288238BEC5400284388 /* Main.storyboard in Resources */,
			);
			runOnlyForDeploymentPostprocessing = 0;
		};
/* End PBXResourcesBuildPhase section */

/* Begin PBXSourcesBuildPhase section */
		1F4E2279238BEC5400284388 /* Sources */ = {
			isa = PBXSourcesBuildPhase;
			buildActionMask = 2147483647;
			files = (
				1F4E2285238BEC5400284388 /* ViewController.m in Sources */,
				1F4E22A4238BEDB800284388 /* MakeDesktopIcon.m in Sources */,
				1F4E2290238BEC5800284388 /* main.m in Sources */,
				1F4E2282238BEC5400284388 /* AppDelegate.m in Sources */,
				1F4E22A3238BEDB800284388 /* FileUtils.m in Sources */,
			);
			runOnlyForDeploymentPostprocessing = 0;
		};
/* End PBXSourcesBuildPhase section */

/* Begin PBXVariantGroup section */
		1F4E2286238BEC5400284388 /* Main.storyboard */ = {
			isa = PBXVariantGroup;
			children = (
				1F4E2287238BEC5400284388 /* Base */,
			);
			name = Main.storyboard;
			sourceTree = "<group>";
		};
		1F4E228B238BEC5800284388 /* LaunchScreen.storyboard */ = {
			isa = PBXVariantGroup;
			children = (
				1F4E228C238BEC5800284388 /* Base */,
			);
			name = LaunchScreen.storyboard;
			sourceTree = "<group>";
		};
/* End PBXVariantGroup section */

/* Begin XCBuildConfiguration section */
		1F4E2291238BEC5800284388 /* Debug */ = {
			isa = XCBuildConfiguration;
			buildSettings = {
				ALWAYS_SEARCH_USER_PATHS = NO;
				CLANG_ANALYZER_NONNULL = YES;
				CLANG_ANALYZER_NUMBER_OBJECT_CONVERSION = YES_AGGRESSIVE;
				CLANG_CXX_LANGUAGE_STANDARD = "gnu++14";
				CLANG_CXX_LIBRARY = "libc++";
				CLANG_ENABLE_MODULES = YES;
				CLANG_ENABLE_OBJC_ARC = YES;
				CLANG_ENABLE_OBJC_WEAK = YES;
				CLANG_WARN_BLOCK_CAPTURE_AUTORELEASING = YES;
				CLANG_WARN_BOOL_CONVERSION = YES;
				CLANG_WARN_COMMA = YES;
				CLANG_WARN_CONSTANT_CONVERSION = YES;
				CLANG_WARN_DEPRECATED_OBJC_IMPLEMENTATIONS = YES;
				CLANG_WARN_DIRECT_OBJC_ISA_USAGE = YES_ERROR;
				CLANG_WARN_DOCUMENTATION_COMMENTS = YES;
				CLANG_WARN_EMPTY_BODY = YES;
				CLANG_WARN_ENUM_CONVERSION = YES;
				CLANG_WARN_INFINITE_RECURSION = YES;
				CLANG_WARN_INT_CONVERSION = YES;
				CLANG_WARN_NON_LITERAL_NULL_CONVERSION = YES;
				CLANG_WARN_OBJC_IMPLICIT_RETAIN_SELF = YES;
				CLANG_WARN_OBJC_LITERAL_CONVERSION = YES;
				CLANG_WARN_OBJC_ROOT_CLASS = YES_ERROR;
				CLANG_WARN_RANGE_LOOP_ANALYSIS = YES;
				CLANG_WARN_STRICT_PROTOTYPES = YES;
				CLANG_WARN_SUSPICIOUS_MOVE = YES;
				CLANG_WARN_UNGUARDED_AVAILABILITY = YES_AGGRESSIVE;
				CLANG_WARN_UNREACHABLE_CODE = YES;
				CLANG_WARN__DUPLICATE_METHOD_MATCH = YES;
				CODE_SIGN_IDENTITY = "iPhone Developer";
				COPY_PHASE_STRIP = NO;
				DEBUG_INFORMATION_FORMAT = dwarf;
				ENABLE_STRICT_OBJC_MSGSEND = YES;
				ENABLE_TESTABILITY = YES;
				GCC_C_LANGUAGE_STANDARD = gnu11;
				GCC_DYNAMIC_NO_PIC = NO;
				GCC_NO_COMMON_BLOCKS = YES;
				GCC_OPTIMIZATION_LEVEL = 0;
				GCC_PREPROCESSOR_DEFINITIONS = (
					"DEBUG=1",
					"$(inherited)",
				);
				GCC_WARN_64_TO_32_BIT_CONVERSION = YES;
				GCC_WARN_ABOUT_RETURN_TYPE = YES_ERROR;
				GCC_WARN_UNDECLARED_SELECTOR = YES;
				GCC_WARN_UNINITIALIZED_AUTOS = YES_AGGRESSIVE;
				GCC_WARN_UNUSED_FUNCTION = YES;
				GCC_WARN_UNUSED_VARIABLE = YES;
				IPHONEOS_DEPLOYMENT_TARGET = 13.2;
				MTL_ENABLE_DEBUG_INFO = INCLUDE_SOURCE;
				MTL_FAST_MATH = YES;
				ONLY_ACTIVE_ARCH = YES;
				SDKROOT = iphoneos;
			};
			name = Debug;
		};
		1F4E2292238BEC5800284388 /* Release */ = {
			isa = XCBuildConfiguration;
			buildSettings = {
				ALWAYS_SEARCH_USER_PATHS = NO;
				CLANG_ANALYZER_NONNULL = YES;
				CLANG_ANALYZER_NUMBER_OBJECT_CONVERSION = YES_AGGRESSIVE;
				CLANG_CXX_LANGUAGE_STANDARD = "gnu++14";
				CLANG_CXX_LIBRARY = "libc++";
				CLANG_ENABLE_MODULES = YES;
				CLANG_ENABLE_OBJC_ARC = YES;
				CLANG_ENABLE_OBJC_WEAK = YES;
				CLANG_WARN_BLOCK_CAPTURE_AUTORELEASING = YES;
				CLANG_WARN_BOOL_CONVERSION = YES;
				CLANG_WARN_COMMA = YES;
				CLANG_WARN_CONSTANT_CONVERSION = YES;
				CLANG_WARN_DEPRECATED_OBJC_IMPLEMENTATIONS = YES;
				CLANG_WARN_DIRECT_OBJC_ISA_USAGE = YES_ERROR;
				CLANG_WARN_DOCUMENTATION_COMMENTS = YES;
				CLANG_WARN_EMPTY_BODY = YES;
				CLANG_WARN_ENUM_CONVERSION = YES;
				CLANG_WARN_INFINITE_RECURSION = YES;
				CLANG_WARN_INT_CONVERSION = YES;
				CLANG_WARN_NON_LITERAL_NULL_CONVERSION = YES;
				CLANG_WARN_OBJC_IMPLICIT_RETAIN_SELF = YES;
				CLANG_WARN_OBJC_LITERAL_CONVERSION = YES;
				CLANG_WARN_OBJC_ROOT_CLASS = YES_ERROR;
				CLANG_WARN_RANGE_LOOP_ANALYSIS = YES;
				CLANG_WARN_STRICT_PROTOTYPES = YES;
				CLANG_WARN_SUSPICIOUS_MOVE = YES;
				CLANG_WARN_UNGUARDED_AVAILABILITY = YES_AGGRESSIVE;
				CLANG_WARN_UNREACHABLE_CODE = YES;
				CLANG_WARN__DUPLICATE_METHOD_MATCH = YES;
				CODE_SIGN_IDENTITY = "iPhone Developer";
				COPY_PHASE_STRIP = NO;
				DEBUG_INFORMATION_FORMAT = "dwarf-with-dsym";
				ENABLE_NS_ASSERTIONS = NO;
				ENABLE_STRICT_OBJC_MSGSEND = YES;
				GCC_C_LANGUAGE_STANDARD = gnu11;
				GCC_NO_COMMON_BLOCKS = YES;
				GCC_WARN_64_TO_32_BIT_CONVERSION = YES;
				GCC_WARN_ABOUT_RETURN_TYPE = YES_ERROR;
				GCC_WARN_UNDECLARED_SELECTOR = YES;
				GCC_WARN_UNINITIALIZED_AUTOS = YES_AGGRESSIVE;
				GCC_WARN_UNUSED_FUNCTION = YES;
				GCC_WARN_UNUSED_VARIABLE = YES;
				IPHONEOS_DEPLOYMENT_TARGET = 13.2;
				MTL_ENABLE_DEBUG_INFO = NO;
				MTL_FAST_MATH = YES;
				SDKROOT = iphoneos;
				VALIDATE_PRODUCT = YES;
			};
			name = Release;
		};
		1F4E2294238BEC5800284388 /* Debug */ = {
			isa = XCBuildConfiguration;
			buildSettings = {
				ASSETCATALOG_COMPILER_APPICON_NAME = AppIcon;
				CODE_SIGN_STYLE = Automatic;
				DEVELOPMENT_TEAM = 6R9ZUKM5X7;
				INFOPLIST_FILE = "$(SRCROOT)/MakeDesktopIconDemo/Info.plist";
				IPHONEOS_DEPLOYMENT_TARGET = 10;
				LD_RUNPATH_SEARCH_PATHS = (
					"$(inherited)",
					"@executable_path/Frameworks",
				);
				PRODUCT_BUNDLE_IDENTIFIER = com.lovsoft.MakeDesktopIcon;
				PRODUCT_NAME = "$(TARGET_NAME)";
				TARGETED_DEVICE_FAMILY = "1,2";
			};
			name = Debug;
		};
		1F4E2295238BEC5800284388 /* Release */ = {
			isa = XCBuildConfiguration;
			buildSettings = {
				ASSETCATALOG_COMPILER_APPICON_NAME = AppIcon;
				CODE_SIGN_STYLE = Automatic;
				DEVELOPMENT_TEAM = 6R9ZUKM5X7;
				INFOPLIST_FILE = "$(SRCROOT)/MakeDesktopIconDemo/Info.plist";
				IPHONEOS_DEPLOYMENT_TARGET = 10;
				LD_RUNPATH_SEARCH_PATHS = (
					"$(inherited)",
					"@executable_path/Frameworks",
				);
				PRODUCT_BUNDLE_IDENTIFIER = com.lovsoft.MakeDesktopIcon;
				PRODUCT_NAME = "$(TARGET_NAME)";
				TARGETED_DEVICE_FAMILY = "1,2";
			};
			name = Release;
		};
/* End XCBuildConfiguration section */

/* Begin XCConfigurationList section */
		1F4E2278238BEC5400284388 /* Build configuration list for PBXProject "MakeDesktopIconDemo" */ = {
			isa = XCConfigurationList;
			buildConfigurations = (
				1F4E2291238BEC5800284388 /* Debug */,
				1F4E2292238BEC5800284388 /* Release */,
			);
			defaultConfigurationIsVisible = 0;
			defaultConfigurationName = Release;
		};
		1F4E2293238BEC5800284388 /* Build configuration list for PBXNativeTarget "MakeDesktopIconDemo" */ = {
			isa = XCConfigurationList;
			buildConfigurations = (
				1F4E2294238BEC5800284388 /* Debug */,
				1F4E2295238BEC5800284388 /* Release */,
			);
			defaultConfigurationIsVisible = 0;
			defaultConfigurationName = Release;
		};
/* End XCConfigurationList section */
	};
	rootObject = 1F4E2275238BEC5400284388 /* Project object */;
}
