PODS:
  - CocoaAsyncSocket (7.6.3)
  - CocoaHTTPServer (2.3):
    - CocoaAsyncSocket
    - CocoaLumberjack
  - CocoaLumberjack (3.6.0):
    - CocoaLumberjack/Core (= 3.6.0)
  - CocoaLumberjack/Core (3.6.0)

DEPENDENCIES:
  - CocoaHTTPServer

SPEC REPOS:
  trunk:
    - CocoaAsyncSocket
    - CocoaHTTPServer
    - CocoaLumberjack

SPEC CHECKSUMS:
  CocoaAsyncSocket: eafaa68a7e0ec99ead0a7b35015e0bf25d2c8987
  CocoaHTTPServer: 5624681fc3473d43b18202f635f9b3abb013b530
  CocoaLumberjack: 78b0c238666f4f58db069738ec176f4519557516

PODFILE CHECKSUM: 6593696147631531bf28d8a9355558ab37afdb33

COCOAPODS: 1.8.4
